
Microsoft Visual Studio Solution File, Format Version 12.00
# Visual Studio Version 17
VisualStudioVersion = 17.13.35931.197 d17.13
MinimumVisualStudioVersion = 10.0.40219.1
Project("{FAE04EC0-301F-11D3-BF4B-00C04F79EFBC}") = "lab05", "lab05\lab05.csproj", "{BF01FDAB-CFE5-4786-A2BC-820151B53083}"
EndProject
Global
	GlobalSection(SolutionConfigurationPlatforms) = preSolution
		Debug|Any CPU = Debug|Any CPU
		Release|Any CPU = Release|Any CPU
	EndGlobalSection
	GlobalSection(ProjectConfigurationPlatforms) = postSolution
		{BF01FDAB-CFE5-4786-A2BC-820151B53083}.Debug|Any CPU.ActiveCfg = Debug|Any CPU
		{BF01FDAB-CFE5-4786-A2BC-820151B53083}.Debug|Any CPU.Build.0 = Debug|Any CPU
		{BF01FDAB-CFE5-4786-A2BC-820151B53083}.Release|Any CPU.ActiveCfg = Release|Any CPU
		{BF01FDAB-CFE5-4786-A2BC-820151B53083}.Release|Any CPU.Build.0 = Release|Any CPU
	EndGlobalSection
	GlobalSection(SolutionProperties) = preSolution
		HideSolutionNode = FALSE
	EndGlobalSection
	GlobalSection(ExtensibilityGlobals) = postSolution
		SolutionGuid = {9FF84D59-FBB7-4CAE-9955-F7381AA9BCA9}
	EndGlobalSection
EndGlobal
