
Microsoft Visual Studio Solution File, Format Version 12.00
# Visual Studio Version 17
VisualStudioVersion = 17.14.36915.13 d17.14
MinimumVisualStudioVersion = 10.0.40219.1
Project("{FAE04EC0-301F-11D3-BF4B-00C04F79EFBC}") = "SD46CSD03", "SD46CSD03\SD46CSD03.csproj", "{3B734826-2C01-4F2F-97BE-17740952719C}"
EndProject
Global
	GlobalSection(SolutionConfigurationPlatforms) = preSolution
		Debug|Any CPU = Debug|Any CPU
		Release|Any CPU = Release|Any CPU
	EndGlobalSection
	GlobalSection(ProjectConfigurationPlatforms) = postSolution
		{3B734826-2C01-4F2F-97BE-17740952719C}.Debug|Any CPU.ActiveCfg = Debug|Any CPU
		{3B734826-2C01-4F2F-97BE-17740952719C}.Debug|Any CPU.Build.0 = Debug|Any CPU
		{3B734826-2C01-4F2F-97BE-17740952719C}.Release|Any CPU.ActiveCfg = Release|Any CPU
		{3B734826-2C01-4F2F-97BE-17740952719C}.Release|Any CPU.Build.0 = Release|Any CPU
	EndGlobalSection
	GlobalSection(SolutionProperties) = preSolution
		HideSolutionNode = FALSE
	EndGlobalSection
	GlobalSection(ExtensibilityGlobals) = postSolution
		SolutionGuid = {C0D0D16E-E98E-484F-B1E7-E8E42F1146C3}
	EndGlobalSection
EndGlobal
