
Microsoft Visual Studio Solution File, Format Version 12.00
# Visual Studio Version 17
VisualStudioVersion = 17.13.35931.197
MinimumVisualStudioVersion = 10.0.40219.1
Project("{FAE04EC0-301F-11D3-BF4B-00C04F79EFBC}") = "EFCore_day01_DEMO", "EFCore_day01_DEMO\EFCore_day01_DEMO.csproj", "{07215331-CB4B-4655-A63A-FAB40579E650}"
EndProject
Project("{FAE04EC0-301F-11D3-BF4B-00C04F79EFBC}") = "lab_1_EF", "lab_1_EF\lab_1_EF.csproj", "{8A62D4E6-7FC2-4514-B863-C8D994CE9BEF}"
EndProject
Global
	GlobalSection(SolutionConfigurationPlatforms) = preSolution
		Debug|Any CPU = Debug|Any CPU
		Release|Any CPU = Release|Any CPU
	EndGlobalSection
	GlobalSection(ProjectConfigurationPlatforms) = postSolution
		{07215331-CB4B-4655-A63A-FAB40579E650}.Debug|Any CPU.ActiveCfg = Debug|Any CPU
		{07215331-CB4B-4655-A63A-FAB40579E650}.Debug|Any CPU.Build.0 = Debug|Any CPU
		{07215331-CB4B-4655-A63A-FAB40579E650}.Release|Any CPU.ActiveCfg = Release|Any CPU
		{07215331-CB4B-4655-A63A-FAB40579E650}.Release|Any CPU.Build.0 = Release|Any CPU
		{8A62D4E6-7FC2-4514-B863-C8D994CE9BEF}.Debug|Any CPU.ActiveCfg = Debug|Any CPU
		{8A62D4E6-7FC2-4514-B863-C8D994CE9BEF}.Debug|Any CPU.Build.0 = Debug|Any CPU
		{8A62D4E6-7FC2-4514-B863-C8D994CE9BEF}.Release|Any CPU.ActiveCfg = Release|Any CPU
		{8A62D4E6-7FC2-4514-B863-C8D994CE9BEF}.Release|Any CPU.Build.0 = Release|Any CPU
	EndGlobalSection
	GlobalSection(SolutionProperties) = preSolution
		HideSolutionNode = FALSE
	EndGlobalSection
	GlobalSection(ExtensibilityGlobals) = postSolution
		SolutionGuid = {CD2D0975-D1EB-412E-9EC0-4744A88A62F4}
	EndGlobalSection
EndGlobal
