
Microsoft Visual Studio Solution File, Format Version 12.00
# Visual Studio Version 17
VisualStudioVersion = 17.13.35931.197 d17.13
MinimumVisualStudioVersion = 10.0.40219.1
Project("{FAE04EC0-301F-11D3-BF4B-00C04F79EFBC}") = "EF_labs", "EF_labs\EF_labs.csproj", "{98990CBA-E0C4-4C68-B54E-F55AD5315401}"
EndProject
Global
	GlobalSection(SolutionConfigurationPlatforms) = preSolution
		Debug|Any CPU = Debug|Any CPU
		Release|Any CPU = Release|Any CPU
	EndGlobalSection
	GlobalSection(ProjectConfigurationPlatforms) = postSolution
		{98990CBA-E0C4-4C68-B54E-F55AD5315401}.Debug|Any CPU.ActiveCfg = Debug|Any CPU
		{98990CBA-E0C4-4C68-B54E-F55AD5315401}.Debug|Any CPU.Build.0 = Debug|Any CPU
		{98990CBA-E0C4-4C68-B54E-F55AD5315401}.Release|Any CPU.ActiveCfg = Release|Any CPU
		{98990CBA-E0C4-4C68-B54E-F55AD5315401}.Release|Any CPU.Build.0 = Release|Any CPU
	EndGlobalSection
	GlobalSection(SolutionProperties) = preSolution
		HideSolutionNode = FALSE
	EndGlobalSection
	GlobalSection(ExtensibilityGlobals) = postSolution
		SolutionGuid = {81CA2ACC-40E8-4193-972E-B8F3AE18849D}
	EndGlobalSection
EndGlobal
