
Microsoft Visual Studio Solution File, Format Version 12.00
# Visual Studio Version 17
VisualStudioVersion = 17.13.35931.197
MinimumVisualStudioVersion = 10.0.40219.1
Project("{FAE04EC0-301F-11D3-BF4B-00C04F79EFBC}") = "Day_3_EF_Demo", "Day_3_EF_Demo\Day_3_EF_Demo.csproj", "{BB523DF2-36F7-4B68-8471-67037EF1262C}"
EndProject
Project("{FAE04EC0-301F-11D3-BF4B-00C04F79EFBC}") = "EFCore_Day03_lab", "EFCore_Day03_lab\EFCore_Day03_lab.csproj", "{B6C4226D-609F-45D1-A242-CFA71AAC34B3}"
EndProject
Global
	GlobalSection(SolutionConfigurationPlatforms) = preSolution
		Debug|Any CPU = Debug|Any CPU
		Release|Any CPU = Release|Any CPU
	EndGlobalSection
	GlobalSection(ProjectConfigurationPlatforms) = postSolution
		{BB523DF2-36F7-4B68-8471-67037EF1262C}.Debug|Any CPU.ActiveCfg = Debug|Any CPU
		{BB523DF2-36F7-4B68-8471-67037EF1262C}.Debug|Any CPU.Build.0 = Debug|Any CPU
		{BB523DF2-36F7-4B68-8471-67037EF1262C}.Release|Any CPU.ActiveCfg = Release|Any CPU
		{BB523DF2-36F7-4B68-8471-67037EF1262C}.Release|Any CPU.Build.0 = Release|Any CPU
		{B6C4226D-609F-45D1-A242-CFA71AAC34B3}.Debug|Any CPU.ActiveCfg = Debug|Any CPU
		{B6C4226D-609F-45D1-A242-CFA71AAC34B3}.Debug|Any CPU.Build.0 = Debug|Any CPU
		{B6C4226D-609F-45D1-A242-CFA71AAC34B3}.Release|Any CPU.ActiveCfg = Release|Any CPU
		{B6C4226D-609F-45D1-A242-CFA71AAC34B3}.Release|Any CPU.Build.0 = Release|Any CPU
	EndGlobalSection
	GlobalSection(SolutionProperties) = preSolution
		HideSolutionNode = FALSE
	EndGlobalSection
	GlobalSection(ExtensibilityGlobals) = postSolution
		SolutionGuid = {83F3675E-6853-46AB-8169-94C3B46BB2C6}
	EndGlobalSection
EndGlobal
