
Microsoft Visual Studio Solution File, Format Version 12.00
# Visual Studio Version 17
VisualStudioVersion = 17.13.35931.197 d17.13
MinimumVisualStudioVersion = 10.0.40219.1
Project("{FAE04EC0-301F-11D3-BF4B-00C04F79EFBC}") = "MVC_Day07_lab", "MVC_Day07_lab\MVC_Day07_lab.csproj", "{62701FAD-C047-423A-86DF-0679837B8E6F}"
EndProject
Global
	GlobalSection(SolutionConfigurationPlatforms) = preSolution
		Debug|Any CPU = Debug|Any CPU
		Release|Any CPU = Release|Any CPU
	EndGlobalSection
	GlobalSection(ProjectConfigurationPlatforms) = postSolution
		{62701FAD-C047-423A-86DF-0679837B8E6F}.Debug|Any CPU.ActiveCfg = Debug|Any CPU
		{62701FAD-C047-423A-86DF-0679837B8E6F}.Debug|Any CPU.Build.0 = Debug|Any CPU
		{62701FAD-C047-423A-86DF-0679837B8E6F}.Release|Any CPU.ActiveCfg = Release|Any CPU
		{62701FAD-C047-423A-86DF-0679837B8E6F}.Release|Any CPU.Build.0 = Release|Any CPU
	EndGlobalSection
	GlobalSection(SolutionProperties) = preSolution
		HideSolutionNode = FALSE
	EndGlobalSection
	GlobalSection(ExtensibilityGlobals) = postSolution
		SolutionGuid = {98D72FBF-D642-45CE-9E9B-2D0025DED083}
	EndGlobalSection
EndGlobal
