
Microsoft Visual Studio Solution File, Format Version 12.00
# Visual Studio Version 17
VisualStudioVersion = 17.13.35931.197 d17.13
MinimumVisualStudioVersion = 10.0.40219.1
Project("{FAE04EC0-301F-11D3-BF4B-00C04F79EFBC}") = "Calculator", "Calculator\Calculator.csproj", "{B01BD61F-C975-42C9-9B18-5AD80DCAA91C}"
EndProject
Project("{FAE04EC0-301F-11D3-BF4B-00C04F79EFBC}") = "DBTask", "DBTask\DBTask.csproj", "{47A08B19-7B38-40D3-8AAB-B6E4E5B0D07B}"
EndProject
Global
	GlobalSection(SolutionConfigurationPlatforms) = preSolution
		Debug|Any CPU = Debug|Any CPU
		Release|Any CPU = Release|Any CPU
	EndGlobalSection
	GlobalSection(ProjectConfigurationPlatforms) = postSolution
		{B01BD61F-C975-42C9-9B18-5AD80DCAA91C}.Debug|Any CPU.ActiveCfg = Debug|Any CPU
		{B01BD61F-C975-42C9-9B18-5AD80DCAA91C}.Debug|Any CPU.Build.0 = Debug|Any CPU
		{B01BD61F-C975-42C9-9B18-5AD80DCAA91C}.Release|Any CPU.ActiveCfg = Release|Any CPU
		{B01BD61F-C975-42C9-9B18-5AD80DCAA91C}.Release|Any CPU.Build.0 = Release|Any CPU
		{47A08B19-7B38-40D3-8AAB-B6E4E5B0D07B}.Debug|Any CPU.ActiveCfg = Debug|Any CPU
		{47A08B19-7B38-40D3-8AAB-B6E4E5B0D07B}.Debug|Any CPU.Build.0 = Debug|Any CPU
		{47A08B19-7B38-40D3-8AAB-B6E4E5B0D07B}.Release|Any CPU.ActiveCfg = Release|Any CPU
		{47A08B19-7B38-40D3-8AAB-B6E4E5B0D07B}.Release|Any CPU.Build.0 = Release|Any CPU
	EndGlobalSection
	GlobalSection(SolutionProperties) = preSolution
		HideSolutionNode = FALSE
	EndGlobalSection
	GlobalSection(ExtensibilityGlobals) = postSolution
		SolutionGuid = {9AFDF82F-F991-41AB-BA27-88579BDFA35D}
	EndGlobalSection
EndGlobal
